// !$*UTF8*$!
{
	archiveVersion = 1;
	classes = {
	};
	objectVersion = 55;
	objects = {

/* Begin PBXBuildFile section */
		5E1BD7443678695C1BC73A41 /* Pods_XcodeProject.framework in Frameworks */ = {isa = PBXBuildFile; fileRef = 0150819EECB2BF3EABE4B39F /* Pods_XcodeProject.framework */; };
		E5AB9E072A82FC030093FA47 /* AppDelegate.swift in Sources */ = {isa = PBXBuildFile; fileRef = E5AB9E062A82FC030093FA47 /* AppDelegate.swift */; };
		E5AB9E092A82FC030093FA47 /* SceneDelegate.swift in Sources */ = {isa = PBXBuildFile; fileRef = E5AB9E082A82FC030093FA47 /* SceneDelegate.swift */; };
		E5AB9E0B2A82FC030093FA47 /* ViewController.swift in Sources */ = {isa = PBXBuildFile; fileRef = E5AB9E0A2A82FC030093FA47 /* ViewController.swift */; };
		E5AB9E0E2A82FC030093FA47 /* Main.storyboard in Resources */ = {isa = PBXBuildFile; fileRef = E5AB9E0C2A82FC030093FA47 /* Main.storyboard */; };
		E5AB9E102A82FC040093FA47 /* Assets.xcassets in Resources */ = {isa = PBXBuildFile; fileRef = E5AB9E0F2A82FC040093FA47 /* Assets.xcassets */; };
		E5AB9E132A82FC040093FA47 /* LaunchScreen.storyboard in Resources */ = {isa = PBXBuildFile; fileRef = E5AB9E112A82FC040093FA47 /* LaunchScreen.storyboard */; };
		E5AB9E1B2A8551560093FA47 /* CustomTableViewCell.swift in Sources */ = {isa = PBXBuildFile; fileRef = E5AB9E1A2A8551560093FA47 /* CustomTableViewCell.swift */; };
		E5AB9E1E2A866F830093FA47 /* TestModel.swift in Sources */ = {isa = PBXBuildFile; fileRef = E5AB9E1D2A866F830093FA47 /* TestModel.swift */; };
		E5AB9E202A8676620093FA47 /* FirstViewController.swift in Sources */ = {isa = PBXBuildFile; fileRef = E5AB9E1F2A8676620093FA47 /* FirstViewController.swift */; };
		E5AB9E242A8A1EC60093FA47 /* SecondViewController.swift in Sources */ = {isa = PBXBuildFile; fileRef = E5AB9E232A8A1EC60093FA47 /* SecondViewController.swift */; };
		E5AB9E292A8A21610093FA47 /* ThirdNavigationController.swift in Sources */ = {isa = PBXBuildFile; fileRef = E5AB9E282A8A21610093FA47 /* ThirdNavigationController.swift */; };
/* End PBXBuildFile section */

/* Begin PBXFileReference section */
		0150819EECB2BF3EABE4B39F /* Pods_XcodeProject.framework */ = {isa = PBXFileReference; explicitFileType = wrapper.framework; includeInIndex = 0; path = Pods_XcodeProject.framework; sourceTree = BUILT_PRODUCTS_DIR; };
		CC6BFAA0559B93EDDBB90273 /* Pods-XcodeProject.debug.xcconfig */ = {isa = PBXFileReference; includeInIndex = 1; lastKnownFileType = text.xcconfig; name = "Pods-XcodeProject.debug.xcconfig"; path = "Target Support Files/Pods-XcodeProject/Pods-XcodeProject.debug.xcconfig"; sourceTree = "<group>"; };
		D30D9FB3AAA7618519276034 /* Pods-XcodeProject.release.xcconfig */ = {isa = PBXFileReference; includeInIndex = 1; lastKnownFileType = text.xcconfig; name = "Pods-XcodeProject.release.xcconfig"; path = "Target Support Files/Pods-XcodeProject/Pods-XcodeProject.release.xcconfig"; sourceTree = "<group>"; };
		E5AB9E032A82FC030093FA47 /* XcodeProject.app */ = {isa = PBXFileReference; explicitFileType = wrapper.application; includeInIndex = 0; path = XcodeProject.app; sourceTree = BUILT_PRODUCTS_DIR; };
		E5AB9E062A82FC030093FA47 /* AppDelegate.swift */ = {isa = PBXFileReference; lastKnownFileType = sourcecode.swift; path = AppDelegate.swift; sourceTree = "<group>"; };
		E5AB9E082A82FC030093FA47 /* SceneDelegate.swift */ = {isa = PBXFileReference; lastKnownFileType = sourcecode.swift; path = SceneDelegate.swift; sourceTree = "<group>"; };
		E5AB9E0A2A82FC030093FA47 /* ViewController.swift */ = {isa = PBXFileReference; lastKnownFileType = sourcecode.swift; path = ViewController.swift; sourceTree = "<group>"; };
		E5AB9E0D2A82FC030093FA47 /* Base */ = {isa = PBXFileReference; lastKnownFileType = file.storyboard; name = Base; path = Base.lproj/Main.storyboard; sourceTree = "<group>"; };
		E5AB9E0F2A82FC040093FA47 /* Assets.xcassets */ = {isa = PBXFileReference; lastKnownFileType = folder.assetcatalog; path = Assets.xcassets; sourceTree = "<group>"; };
		E5AB9E122A82FC040093FA47 /* Base */ = {isa = PBXFileReference; lastKnownFileType = file.storyboard; name = Base; path = Base.lproj/LaunchScreen.storyboard; sourceTree = "<group>"; };
		E5AB9E142A82FC040093FA47 /* Info.plist */ = {isa = PBXFileReference; lastKnownFileType = text.plist.xml; path = Info.plist; sourceTree = "<group>"; };
		E5AB9E1A2A8551560093FA47 /* CustomTableViewCell.swift */ = {isa = PBXFileReference; lastKnownFileType = sourcecode.swift; path = CustomTableViewCell.swift; sourceTree = "<group>"; };
		E5AB9E1D2A866F830093FA47 /* TestModel.swift */ = {isa = PBXFileReference; lastKnownFileType = sourcecode.swift; path = TestModel.swift; sourceTree = "<group>"; };
		E5AB9E1F2A8676620093FA47 /* FirstViewController.swift */ = {isa = PBXFileReference; lastKnownFileType = sourcecode.swift; path = FirstViewController.swift; sourceTree = "<group>"; };
		E5AB9E232A8A1EC60093FA47 /* SecondViewController.swift */ = {isa = PBXFileReference; lastKnownFileType = sourcecode.swift; path = SecondViewController.swift; sourceTree = "<group>"; };
		E5AB9E282A8A21610093FA47 /* ThirdNavigationController.swift */ = {isa = PBXFileReference; lastKnownFileType = sourcecode.swift; name = ThirdNavigationController.swift; path = /Users/ivan_pereverza/MyFirstProjectGit/XcodeProject/XcodeProject/MainController/NavigationControllers/ThirdNavigationController.swift; sourceTree = "<absolute>"; };
/* End PBXFileReference section */

/* Begin PBXFrameworksBuildPhase section */
		E5AB9E002A82FC030093FA47 /* Frameworks */ = {
			isa = PBXFrameworksBuildPhase;
			buildActionMask = 2147483647;
			files = (
				5E1BD7443678695C1BC73A41 /* Pods_XcodeProject.framework in Frameworks */,
			);
			runOnlyForDeploymentPostprocessing = 0;
		};
/* End PBXFrameworksBuildPhase section */

/* Begin PBXGroup section */
		7A6650FC617333D46DE78E3A /* Pods */ = {
			isa = PBXGroup;
			children = (
				CC6BFAA0559B93EDDBB90273 /* Pods-XcodeProject.debug.xcconfig */,
				D30D9FB3AAA7618519276034 /* Pods-XcodeProject.release.xcconfig */,
			);
			path = Pods;
			sourceTree = "<group>";
		};
		DAB84BD177E34EA582768777 /* Frameworks */ = {
			isa = PBXGroup;
			children = (
				0150819EECB2BF3EABE4B39F /* Pods_XcodeProject.framework */,
			);
			name = Frameworks;
			sourceTree = "<group>";
		};
		E5AB9DFA2A82FC030093FA47 = {
			isa = PBXGroup;
			children = (
				E5AB9E052A82FC030093FA47 /* XcodeProject */,
				E5AB9E042A82FC030093FA47 /* Products */,
				7A6650FC617333D46DE78E3A /* Pods */,
				DAB84BD177E34EA582768777 /* Frameworks */,
			);
			sourceTree = "<group>";
		};
		E5AB9E042A82FC030093FA47 /* Products */ = {
			isa = PBXGroup;
			children = (
				E5AB9E032A82FC030093FA47 /* XcodeProject.app */,
			);
			name = Products;
			sourceTree = "<group>";
		};
		E5AB9E052A82FC030093FA47 /* XcodeProject */ = {
			isa = PBXGroup;
			children = (
				E5AB9E062A82FC030093FA47 /* AppDelegate.swift */,
				E5AB9E082A82FC030093FA47 /* SceneDelegate.swift */,
				E5AB9E212A8676F70093FA47 /* MainController */,
				E5AB9E0C2A82FC030093FA47 /* Main.storyboard */,
				E5AB9E0F2A82FC040093FA47 /* Assets.xcassets */,
				E5AB9E112A82FC040093FA47 /* LaunchScreen.storyboard */,
				E5AB9E142A82FC040093FA47 /* Info.plist */,
			);
			path = XcodeProject;
			sourceTree = "<group>";
		};
		E5AB9E212A8676F70093FA47 /* MainController */ = {
			isa = PBXGroup;
			children = (
				E5AB9E0A2A82FC030093FA47 /* ViewController.swift */,
				E5AB9E1A2A8551560093FA47 /* CustomTableViewCell.swift */,
				E5AB9E1D2A866F830093FA47 /* TestModel.swift */,
				E5AB9E252A8A20290093FA47 /* NavigationControllers */,
			);
			path = MainController;
			sourceTree = "<group>";
		};
		E5AB9E252A8A20290093FA47 /* NavigationControllers */ = {
			isa = PBXGroup;
			children = (
				E5AB9E1F2A8676620093FA47 /* FirstViewController.swift */,
				E5AB9E232A8A1EC60093FA47 /* SecondViewController.swift */,
				E5AB9E282A8A21610093FA47 /* ThirdNavigationController.swift */,
			);
			path = NavigationControllers;
			sourceTree = "<group>";
		};
/* End PBXGroup section */

/* Begin PBXNativeTarget section */
		E5AB9E022A82FC030093FA47 /* XcodeProject */ = {
			isa = PBXNativeTarget;
			buildConfigurationList = E5AB9E172A82FC040093FA47 /* Build configuration list for PBXNativeTarget "XcodeProject" */;
			buildPhases = (
				272E0152A4C31E3FDAB7B725 /* [CP] Check Pods Manifest.lock */,
				E5AB9DFF2A82FC030093FA47 /* Sources */,
				E5AB9E002A82FC030093FA47 /* Frameworks */,
				E5AB9E012A82FC030093FA47 /* Resources */,
				87FA8F956820DB1D68C92E90 /* [CP] Embed Pods Frameworks */,
			);
			buildRules = (
			);
			dependencies = (
			);
			name = XcodeProject;
			productName = XcodeProject;
			productReference = E5AB9E032A82FC030093FA47 /* XcodeProject.app */;
			productType = "com.apple.product-type.application";
		};
/* End PBXNativeTarget section */

/* Begin PBXProject section */
		E5AB9DFB2A82FC030093FA47 /* Project object */ = {
			isa = PBXProject;
			attributes = {
				BuildIndependentTargetsInParallel = 1;
				LastSwiftUpdateCheck = 1340;
				LastUpgradeCheck = 1340;
				TargetAttributes = {
					E5AB9E022A82FC030093FA47 = {
						CreatedOnToolsVersion = 13.4.1;
					};
				};
			};
			buildConfigurationList = E5AB9DFE2A82FC030093FA47 /* Build configuration list for PBXProject "XcodeProject" */;
			compatibilityVersion = "Xcode 13.0";
			developmentRegion = en;
			hasScannedForEncodings = 0;
			knownRegions = (
				en,
				Base,
			);
			mainGroup = E5AB9DFA2A82FC030093FA47;
			productRefGroup = E5AB9E042A82FC030093FA47 /* Products */;
			projectDirPath = "";
			projectRoot = "";
			targets = (
				E5AB9E022A82FC030093FA47 /* XcodeProject */,
			);
		};
/* End PBXProject section */

/* Begin PBXResourcesBuildPhase section */
		E5AB9E012A82FC030093FA47 /* Resources */ = {
			isa = PBXResourcesBuildPhase;
			buildActionMask = 2147483647;
			files = (
				E5AB9E132A82FC040093FA47 /* LaunchScreen.storyboard in Resources */,
				E5AB9E102A82FC040093FA47 /* Assets.xcassets in Resources */,
				E5AB9E0E2A82FC030093FA47 /* Main.storyboard in Resources */,
			);
			runOnlyForDeploymentPostprocessing = 0;
		};
/* End PBXResourcesBuildPhase section */

/* Begin PBXShellScriptBuildPhase section */
		272E0152A4C31E3FDAB7B725 /* [CP] Check Pods Manifest.lock */ = {
			isa = PBXShellScriptBuildPhase;
			buildActionMask = 2147483647;
			files = (
			);
			inputFileListPaths = (
			);
			inputPaths = (
				"${PODS_PODFILE_DIR_PATH}/Podfile.lock",
				"${PODS_ROOT}/Manifest.lock",
			);
			name = "[CP] Check Pods Manifest.lock";
			outputFileListPaths = (
			);
			outputPaths = (
				"$(DERIVED_FILE_DIR)/Pods-XcodeProject-checkManifestLockResult.txt",
			);
			runOnlyForDeploymentPostprocessing = 0;
			shellPath = /bin/sh;
			shellScript = "diff \"${PODS_PODFILE_DIR_PATH}/Podfile.lock\" \"${PODS_ROOT}/Manifest.lock\" > /dev/null\nif [ $? != 0 ] ; then\n    # print error to STDERR\n    echo \"error: The sandbox is not in sync with the Podfile.lock. Run 'pod install' or update your CocoaPods installation.\" >&2\n    exit 1\nfi\n# This output is used by Xcode 'outputs' to avoid re-running this script phase.\necho \"SUCCESS\" > \"${SCRIPT_OUTPUT_FILE_0}\"\n";
			showEnvVarsInLog = 0;
		};
		87FA8F956820DB1D68C92E90 /* [CP] Embed Pods Frameworks */ = {
			isa = PBXShellScriptBuildPhase;
			buildActionMask = 2147483647;
			files = (
			);
			inputFileListPaths = (
				"${PODS_ROOT}/Target Support Files/Pods-XcodeProject/Pods-XcodeProject-frameworks-${CONFIGURATION}-input-files.xcfilelist",
			);
			name = "[CP] Embed Pods Frameworks";
			outputFileListPaths = (
				"${PODS_ROOT}/Target Support Files/Pods-XcodeProject/Pods-XcodeProject-frameworks-${CONFIGURATION}-output-files.xcfilelist",
			);
			runOnlyForDeploymentPostprocessing = 0;
			shellPath = /bin/sh;
			shellScript = "\"${PODS_ROOT}/Target Support Files/Pods-XcodeProject/Pods-XcodeProject-frameworks.sh\"\n";
			showEnvVarsInLog = 0;
		};
/* End PBXShellScriptBuildPhase section */

/* Begin PBXSourcesBuildPhase section */
		E5AB9DFF2A82FC030093FA47 /* Sources */ = {
			isa = PBXSourcesBuildPhase;
			buildActionMask = 2147483647;
			files = (
				E5AB9E0B2A82FC030093FA47 /* ViewController.swift in Sources */,
				E5AB9E292A8A21610093FA47 /* ThirdNavigationController.swift in Sources */,
				E5AB9E072A82FC030093FA47 /* AppDelegate.swift in Sources */,
				E5AB9E1E2A866F830093FA47 /* TestModel.swift in Sources */,
				E5AB9E202A8676620093FA47 /* FirstViewController.swift in Sources */,
				E5AB9E1B2A8551560093FA47 /* CustomTableViewCell.swift in Sources */,
				E5AB9E092A82FC030093FA47 /* SceneDelegate.swift in Sources */,
				E5AB9E242A8A1EC60093FA47 /* SecondViewController.swift in Sources */,
			);
			runOnlyForDeploymentPostprocessing = 0;
		};
/* End PBXSourcesBuildPhase section */

/* Begin PBXVariantGroup section */
		E5AB9E0C2A82FC030093FA47 /* Main.storyboard */ = {
			isa = PBXVariantGroup;
			children = (
				E5AB9E0D2A82FC030093FA47 /* Base */,
			);
			name = Main.storyboard;
			sourceTree = "<group>";
		};
		E5AB9E112A82FC040093FA47 /* LaunchScreen.storyboard */ = {
			isa = PBXVariantGroup;
			children = (
				E5AB9E122A82FC040093FA47 /* Base */,
			);
			name = LaunchScreen.storyboard;
			sourceTree = "<group>";
		};
/* End PBXVariantGroup section */

/* Begin XCBuildConfiguration section */
		E5AB9E152A82FC040093FA47 /* Debug */ = {
			isa = XCBuildConfiguration;
			buildSettings = {
				ALWAYS_SEARCH_USER_PATHS = NO;
				CLANG_ANALYZER_NONNULL = YES;
				CLANG_ANALYZER_NUMBER_OBJECT_CONVERSION = YES_AGGRESSIVE;
				CLANG_CXX_LANGUAGE_STANDARD = "gnu++17";
				CLANG_ENABLE_MODULES = YES;
				CLANG_ENABLE_OBJC_ARC = YES;
				CLANG_ENABLE_OBJC_WEAK = YES;
				CLANG_WARN_BLOCK_CAPTURE_AUTORELEASING = YES;
				CLANG_WARN_BOOL_CONVERSION = YES;
				CLANG_WARN_COMMA = YES;
				CLANG_WARN_CONSTANT_CONVERSION = YES;
				CLANG_WARN_DEPRECATED_OBJC_IMPLEMENTATIONS = YES;
				CLANG_WARN_DIRECT_OBJC_ISA_USAGE = YES_ERROR;
				CLANG_WARN_DOCUMENTATION_COMMENTS = YES;
				CLANG_WARN_EMPTY_BODY = YES;
				CLANG_WARN_ENUM_CONVERSION = YES;
				CLANG_WARN_INFINITE_RECURSION = YES;
				CLANG_WARN_INT_CONVERSION = YES;
				CLANG_WARN_NON_LITERAL_NULL_CONVERSION = YES;
				CLANG_WARN_OBJC_IMPLICIT_RETAIN_SELF = YES;
				CLANG_WARN_OBJC_LITERAL_CONVERSION = YES;
				CLANG_WARN_OBJC_ROOT_CLASS = YES_ERROR;
				CLANG_WARN_QUOTED_INCLUDE_IN_FRAMEWORK_HEADER = YES;
				CLANG_WARN_RANGE_LOOP_ANALYSIS = YES;
				CLANG_WARN_STRICT_PROTOTYPES = YES;
				CLANG_WARN_SUSPICIOUS_MOVE = YES;
				CLANG_WARN_UNGUARDED_AVAILABILITY = YES_AGGRESSIVE;
				CLANG_WARN_UNREACHABLE_CODE = YES;
				CLANG_WARN__DUPLICATE_METHOD_MATCH = YES;
				COPY_PHASE_STRIP = NO;
				DEBUG_INFORMATION_FORMAT = dwarf;
				ENABLE_STRICT_OBJC_MSGSEND = YES;
				ENABLE_TESTABILITY = YES;
				GCC_C_LANGUAGE_STANDARD = gnu11;
				GCC_DYNAMIC_NO_PIC = NO;
				GCC_NO_COMMON_BLOCKS = YES;
				GCC_OPTIMIZATION_LEVEL = 0;
				GCC_PREPROCESSOR_DEFINITIONS = (
					"DEBUG=1",
					"$(inherited)",
				);
				GCC_WARN_64_TO_32_BIT_CONVERSION = YES;
				GCC_WARN_ABOUT_RETURN_TYPE = YES_ERROR;
				GCC_WARN_UNDECLARED_SELECTOR = YES;
				GCC_WARN_UNINITIALIZED_AUTOS = YES_AGGRESSIVE;
				GCC_WARN_UNUSED_FUNCTION = YES;
				GCC_WARN_UNUSED_VARIABLE = YES;
				IPHONEOS_DEPLOYMENT_TARGET = 15.5;
				MTL_ENABLE_DEBUG_INFO = INCLUDE_SOURCE;
				MTL_FAST_MATH = YES;
				ONLY_ACTIVE_ARCH = YES;
				SDKROOT = iphoneos;
				SWIFT_ACTIVE_COMPILATION_CONDITIONS = DEBUG;
				SWIFT_OPTIMIZATION_LEVEL = "-Onone";
			};
			name = Debug;
		};
		E5AB9E162A82FC040093FA47 /* Release */ = {
			isa = XCBuildConfiguration;
			buildSettings = {
				ALWAYS_SEARCH_USER_PATHS = NO;
				CLANG_ANALYZER_NONNULL = YES;
				CLANG_ANALYZER_NUMBER_OBJECT_CONVERSION = YES_AGGRESSIVE;
				CLANG_CXX_LANGUAGE_STANDARD = "gnu++17";
				CLANG_ENABLE_MODULES = YES;
				CLANG_ENABLE_OBJC_ARC = YES;
				CLANG_ENABLE_OBJC_WEAK = YES;
				CLANG_WARN_BLOCK_CAPTURE_AUTORELEASING = YES;
				CLANG_WARN_BOOL_CONVERSION = YES;
				CLANG_WARN_COMMA = YES;
				CLANG_WARN_CONSTANT_CONVERSION = YES;
				CLANG_WARN_DEPRECATED_OBJC_IMPLEMENTATIONS = YES;
				CLANG_WARN_DIRECT_OBJC_ISA_USAGE = YES_ERROR;
				CLANG_WARN_DOCUMENTATION_COMMENTS = YES;
				CLANG_WARN_EMPTY_BODY = YES;
				CLANG_WARN_ENUM_CONVERSION = YES;
				CLANG_WARN_INFINITE_RECURSION = YES;
				CLANG_WARN_INT_CONVERSION = YES;
				CLANG_WARN_NON_LITERAL_NULL_CONVERSION = YES;
				CLANG_WARN_OBJC_IMPLICIT_RETAIN_SELF = YES;
				CLANG_WARN_OBJC_LITERAL_CONVERSION = YES;
				CLANG_WARN_OBJC_ROOT_CLASS = YES_ERROR;
				CLANG_WARN_QUOTED_INCLUDE_IN_FRAMEWORK_HEADER = YES;
				CLANG_WARN_RANGE_LOOP_ANALYSIS = YES;
				CLANG_WARN_STRICT_PROTOTYPES = YES;
				CLANG_WARN_SUSPICIOUS_MOVE = YES;
				CLANG_WARN_UNGUARDED_AVAILABILITY = YES_AGGRESSIVE;
				CLANG_WARN_UNREACHABLE_CODE = YES;
				CLANG_WARN__DUPLICATE_METHOD_MATCH = YES;
				COPY_PHASE_STRIP = NO;
				DEBUG_INFORMATION_FORMAT = "dwarf-with-dsym";
				ENABLE_NS_ASSERTIONS = NO;
				ENABLE_STRICT_OBJC_MSGSEND = YES;
				GCC_C_LANGUAGE_STANDARD = gnu11;
				GCC_NO_COMMON_BLOCKS = YES;
				GCC_WARN_64_TO_32_BIT_CONVERSION = YES;
				GCC_WARN_ABOUT_RETURN_TYPE = YES_ERROR;
				GCC_WARN_UNDECLARED_SELECTOR = YES;
				GCC_WARN_UNINITIALIZED_AUTOS = YES_AGGRESSIVE;
				GCC_WARN_UNUSED_FUNCTION = YES;
				GCC_WARN_UNUSED_VARIABLE = YES;
				IPHONEOS_DEPLOYMENT_TARGET = 15.5;
				MTL_ENABLE_DEBUG_INFO = NO;
				MTL_FAST_MATH = YES;
				SDKROOT = iphoneos;
				SWIFT_COMPILATION_MODE = wholemodule;
				SWIFT_OPTIMIZATION_LEVEL = "-O";
				VALIDATE_PRODUCT = YES;
			};
			name = Release;
		};
		E5AB9E182A82FC040093FA47 /* Debug */ = {
			isa = XCBuildConfiguration;
			baseConfigurationReference = CC6BFAA0559B93EDDBB90273 /* Pods-XcodeProject.debug.xcconfig */;
			buildSettings = {
				ASSETCATALOG_COMPILER_APPICON_NAME = AppIcon;
				ASSETCATALOG_COMPILER_GLOBAL_ACCENT_COLOR_NAME = AccentColor;
				CODE_SIGN_STYLE = Automatic;
				CURRENT_PROJECT_VERSION = 1;
				DEVELOPMENT_TEAM = 2QHQ5U2U5R;
				GENERATE_INFOPLIST_FILE = YES;
				INFOPLIST_FILE = XcodeProject/Info.plist;
				INFOPLIST_KEY_UIApplicationSupportsIndirectInputEvents = YES;
				INFOPLIST_KEY_UILaunchStoryboardName = LaunchScreen;
				INFOPLIST_KEY_UIMainStoryboardFile = Main;
				INFOPLIST_KEY_UISupportedInterfaceOrientations_iPad = "UIInterfaceOrientationPortrait UIInterfaceOrientationPortraitUpsideDown UIInterfaceOrientationLandscapeLeft UIInterfaceOrientationLandscapeRight";
				INFOPLIST_KEY_UISupportedInterfaceOrientations_iPhone = "UIInterfaceOrientationPortrait UIInterfaceOrientationLandscapeLeft UIInterfaceOrientationLandscapeRight";
				LD_RUNPATH_SEARCH_PATHS = (
					"$(inherited)",
					"@executable_path/Frameworks",
				);
				MARKETING_VERSION = 1.0;
				PRODUCT_BUNDLE_IDENTIFIER = "Ivan-Pereverza.SwiftBook.XcodeProject";
				PRODUCT_NAME = "$(TARGET_NAME)";
				SWIFT_EMIT_LOC_STRINGS = YES;
				SWIFT_VERSION = 5.0;
				TARGETED_DEVICE_FAMILY = "1,2";
			};
			name = Debug;
		};
		E5AB9E192A82FC040093FA47 /* Release */ = {
			isa = XCBuildConfiguration;
			baseConfigurationReference = D30D9FB3AAA7618519276034 /* Pods-XcodeProject.release.xcconfig */;
			buildSettings = {
				ASSETCATALOG_COMPILER_APPICON_NAME = AppIcon;
				ASSETCATALOG_COMPILER_GLOBAL_ACCENT_COLOR_NAME = AccentColor;
				CODE_SIGN_STYLE = Automatic;
				CURRENT_PROJECT_VERSION = 1;
				DEVELOPMENT_TEAM = 2QHQ5U2U5R;
				GENERATE_INFOPLIST_FILE = YES;
				INFOPLIST_FILE = XcodeProject/Info.plist;
				INFOPLIST_KEY_UIApplicationSupportsIndirectInputEvents = YES;
				INFOPLIST_KEY_UILaunchStoryboardName = LaunchScreen;
				INFOPLIST_KEY_UIMainStoryboardFile = Main;
				INFOPLIST_KEY_UISupportedInterfaceOrientations_iPad = "UIInterfaceOrientationPortrait UIInterfaceOrientationPortraitUpsideDown UIInterfaceOrientationLandscapeLeft UIInterfaceOrientationLandscapeRight";
				INFOPLIST_KEY_UISupportedInterfaceOrientations_iPhone = "UIInterfaceOrientationPortrait UIInterfaceOrientationLandscapeLeft UIInterfaceOrientationLandscapeRight";
				LD_RUNPATH_SEARCH_PATHS = (
					"$(inherited)",
					"@executable_path/Frameworks",
				);
				MARKETING_VERSION = 1.0;
				PRODUCT_BUNDLE_IDENTIFIER = "Ivan-Pereverza.SwiftBook.XcodeProject";
				PRODUCT_NAME = "$(TARGET_NAME)";
				SWIFT_EMIT_LOC_STRINGS = YES;
				SWIFT_VERSION = 5.0;
				TARGETED_DEVICE_FAMILY = "1,2";
			};
			name = Release;
		};
/* End XCBuildConfiguration section */

/* Begin XCConfigurationList section */
		E5AB9DFE2A82FC030093FA47 /* Build configuration list for PBXProject "XcodeProject" */ = {
			isa = XCConfigurationList;
			buildConfigurations = (
				E5AB9E152A82FC040093FA47 /* Debug */,
				E5AB9E162A82FC040093FA47 /* Release */,
			);
			defaultConfigurationIsVisible = 0;
			defaultConfigurationName = Release;
		};
		E5AB9E172A82FC040093FA47 /* Build configuration list for PBXNativeTarget "XcodeProject" */ = {
			isa = XCConfigurationList;
			buildConfigurations = (
				E5AB9E182A82FC040093FA47 /* Debug */,
				E5AB9E192A82FC040093FA47 /* Release */,
			);
			defaultConfigurationIsVisible = 0;
			defaultConfigurationName = Release;
		};
/* End XCConfigurationList section */
	};
	rootObject = E5AB9DFB2A82FC030093FA47 /* Project object */;
}
